
Microsoft Visual Studio Solution File, Format Version 12.00
# Visual Studio Version 16
VisualStudioVersion = 16.0.31624.102
MinimumVisualStudioVersion = 10.0.40219.1
Project("{FAE04EC0-301F-11D3-BF4B-00C04F79EFBC}") = "SIA", "SIA\SIA.csproj", "{B0085969-3514-4394-9D68-BA859CC6B691}"
EndProject
Global
	GlobalSection(SolutionConfigurationPlatforms) = preSolution
		Debug|Any CPU = Debug|Any CPU
		Release|Any CPU = Release|Any CPU
	EndGlobalSection
	GlobalSection(ProjectConfigurationPlatforms) = postSolution
		{B0085969-3514-4394-9D68-BA859CC6B691}.Debug|Any CPU.ActiveCfg = Debug|Any CPU
		{B0085969-3514-4394-9D68-BA859CC6B691}.Debug|Any CPU.Build.0 = Debug|Any CPU
		{B0085969-3514-4394-9D68-BA859CC6B691}.Release|Any CPU.ActiveCfg = Release|Any CPU
		{B0085969-3514-4394-9D68-BA859CC6B691}.Release|Any CPU.Build.0 = Release|Any CPU
	EndGlobalSection
	GlobalSection(SolutionProperties) = preSolution
		HideSolutionNode = FALSE
	EndGlobalSection
	GlobalSection(ExtensibilityGlobals) = postSolution
		SolutionGuid = {00A32549-D354-415B-8149-AB2355431EDC}
	EndGlobalSection
EndGlobal
